
Microsoft Visual Studio Solution File, Format Version 12.00
# Visual Studio Version 17
VisualStudioVersion = 17.3.32922.545
MinimumVisualStudioVersion = 10.0.40219.1
Project("{9A19103F-16F7-4668-BE54-9A1E7A4F7556}") = "WebApplication3", "WebApplication3\WebApplication3.csproj", "{B91BA483-293C-4366-8710-2309F9555842}"
EndProject
Project("{9A19103F-16F7-4668-BE54-9A1E7A4F7556}") = "WebClient", "WebClient\WebClient.csproj", "{872D95C3-6BEA-4647-9816-E85E3CCC3D3B}"
EndProject
Global
	GlobalSection(SolutionConfigurationPlatforms) = preSolution
		Debug|Any CPU = Debug|Any CPU
		Release|Any CPU = Release|Any CPU
	EndGlobalSection
	GlobalSection(ProjectConfigurationPlatforms) = postSolution
		{B91BA483-293C-4366-8710-2309F9555842}.Debug|Any CPU.ActiveCfg = Debug|Any CPU
		{B91BA483-293C-4366-8710-2309F9555842}.Debug|Any CPU.Build.0 = Debug|Any CPU
		{B91BA483-293C-4366-8710-2309F9555842}.Release|Any CPU.ActiveCfg = Release|Any CPU
		{B91BA483-293C-4366-8710-2309F9555842}.Release|Any CPU.Build.0 = Release|Any CPU
		{872D95C3-6BEA-4647-9816-E85E3CCC3D3B}.Debug|Any CPU.ActiveCfg = Debug|Any CPU
		{872D95C3-6BEA-4647-9816-E85E3CCC3D3B}.Debug|Any CPU.Build.0 = Debug|Any CPU
		{872D95C3-6BEA-4647-9816-E85E3CCC3D3B}.Release|Any CPU.ActiveCfg = Release|Any CPU
		{872D95C3-6BEA-4647-9816-E85E3CCC3D3B}.Release|Any CPU.Build.0 = Release|Any CPU
	EndGlobalSection
	GlobalSection(SolutionProperties) = preSolution
		HideSolutionNode = FALSE
	EndGlobalSection
	GlobalSection(ExtensibilityGlobals) = postSolution
		SolutionGuid = {F0160964-45F3-4AF3-BCF5-6D07450F00F4}
	EndGlobalSection
EndGlobal
